
Microsoft Visual Studio Solution File, Format Version 12.00
# Visual Studio Version 17
VisualStudioVersion = 17.6.33829.357
MinimumVisualStudioVersion = 10.0.40219.1
Project("{8BC9CEB8-8B4A-11D0-8D11-00A0C91BC942}") = "bài 3.1", "bài 3.1\bài 3.1.vcxproj", "{D2A7B6A9-9796-4CBD-845D-94CFB5A011E4}"
EndProject
Global
	GlobalSection(SolutionConfigurationPlatforms) = preSolution
		Debug|x64 = Debug|x64
		Debug|x86 = Debug|x86
		Release|x64 = Release|x64
		Release|x86 = Release|x86
	EndGlobalSection
	GlobalSection(ProjectConfigurationPlatforms) = postSolution
		{D2A7B6A9-9796-4CBD-845D-94CFB5A011E4}.Debug|x64.ActiveCfg = Debug|x64
		{D2A7B6A9-9796-4CBD-845D-94CFB5A011E4}.Debug|x64.Build.0 = Debug|x64
		{D2A7B6A9-9796-4CBD-845D-94CFB5A011E4}.Debug|x86.ActiveCfg = Debug|Win32
		{D2A7B6A9-9796-4CBD-845D-94CFB5A011E4}.Debug|x86.Build.0 = Debug|Win32
		{D2A7B6A9-9796-4CBD-845D-94CFB5A011E4}.Release|x64.ActiveCfg = Release|x64
		{D2A7B6A9-9796-4CBD-845D-94CFB5A011E4}.Release|x64.Build.0 = Release|x64
		{D2A7B6A9-9796-4CBD-845D-94CFB5A011E4}.Release|x86.ActiveCfg = Release|Win32
		{D2A7B6A9-9796-4CBD-845D-94CFB5A011E4}.Release|x86.Build.0 = Release|Win32
	EndGlobalSection
	GlobalSection(SolutionProperties) = preSolution
		HideSolutionNode = FALSE
	EndGlobalSection
	GlobalSection(ExtensibilityGlobals) = postSolution
		SolutionGuid = {4907D708-189D-432F-8E04-8C3DEB96BA41}
	EndGlobalSection
EndGlobal
